{
  "name": "flagship-sdk",
  "version": "0.1.0",
  "lockfileVersion": 3,
  "requires": true,
  "packages": {
    "": {
      "name": "flagship-sdk",
      "version": "0.1.0",
      "dependencies": {
        "json-logic-js": "^2.0.5",
        "murmurhash-js": "^1.0.0"
      },
      "devDependencies": {
        "@types/murmurhash-js": "^1.0.6",
        "typescript": "^5.6.3"
      }
    },
    "node_modules/@types/murmurhash-js": {
      "version": "1.0.6",
      "resolved": "https://registry.npmjs.org/@types/murmurhash-js/-/murmurhash-js-1.0.6.tgz",
      "integrity": "sha512-P2RRwRpevEKO0FrK5xNjxBywg0Br24tEv8K2+iWg56PtcCUNGAkaaOWKBQiUpofA8H/gmgdHXrcvSgp2uXCVAQ==",
      "dev": true,
      "license": "MIT"
    },
    "node_modules/json-logic-js": {
      "version": "2.0.5",
      "resolved": "https://registry.npmjs.org/json-logic-js/-/json-logic-js-2.0.5.tgz",
      "integrity": "sha512-rTT2+lqcuUmj4DgWfmzupZqQDA64AdmYqizzMPWj3DxGdfFNsxPpcNVSaTj4l8W2tG/+hg7/mQhxjU3aPacO6g==",
      "license": "MIT"
    },
    "node_modules/murmurhash-js": {
      "version": "1.0.0",
      "resolved": "https://registry.npmjs.org/murmurhash-js/-/murmurhash-js-1.0.0.tgz",
      "integrity": "sha512-TvmkNhkv8yct0SVBSy+o8wYzXjE4Zz3PCesbfs8HiCXXdcTuocApFv11UWlNFWKYsP2okqrhb7JNlSm9InBhIw==",
      "license": "MIT"
    },
    "node_modules/typescript": {
      "version": "5.9.3",
      "resolved": "https://registry.npmjs.org/typescript/-/typescript-5.9.3.tgz",
      "integrity": "sha512-jl1vZzPDinLr9eUt3J/t7V6FgNEw9QjvBPdysz9KfQDD41fQrC2Y4vKQdiaUpFT4bXlb1RHhLpp8wtm6M5TgSw==",
      "dev": true,
      "license": "Apache-2.0",
      "bin": {
        "tsc": "bin/tsc",
        "tsserver": "bin/tsserver"
      },
      "engines": {
        "node": ">=14.17"
      }
    }
  }
}
